
Microsoft Visual Studio Solution File, Format Version 12.00
# Visual Studio Version 17
VisualStudioVersion = 17.13.35806.99 d17.13
MinimumVisualStudioVersion = 10.0.40219.1
Project("{FAE04EC0-301F-11D3-BF4B-00C04F79EFBC}") = "jogoDaVelha", "jogoDaVelha\jogoDaVelha.csproj", "{855D7D83-9CA8-48CA-8B7D-F67F99A75DCF}"
EndProject
Global
	GlobalSection(SolutionConfigurationPlatforms) = preSolution
		Debug|Any CPU = Debug|Any CPU
		Release|Any CPU = Release|Any CPU
	EndGlobalSection
	GlobalSection(ProjectConfigurationPlatforms) = postSolution
		{855D7D83-9CA8-48CA-8B7D-F67F99A75DCF}.Debug|Any CPU.ActiveCfg = Debug|Any CPU
		{855D7D83-9CA8-48CA-8B7D-F67F99A75DCF}.Debug|Any CPU.Build.0 = Debug|Any CPU
		{855D7D83-9CA8-48CA-8B7D-F67F99A75DCF}.Release|Any CPU.ActiveCfg = Release|Any CPU
		{855D7D83-9CA8-48CA-8B7D-F67F99A75DCF}.Release|Any CPU.Build.0 = Release|Any CPU
	EndGlobalSection
	GlobalSection(SolutionProperties) = preSolution
		HideSolutionNode = FALSE
	EndGlobalSection
	GlobalSection(ExtensibilityGlobals) = postSolution
		SolutionGuid = {6C116DC2-370A-4FDC-8BD7-C44B93DCB713}
	EndGlobalSection
EndGlobal
